
Microsoft Visual Studio Solution File, Format Version 12.00
# Visual Studio Version 17
VisualStudioVersion = 17.1.32407.343
MinimumVisualStudioVersion = 10.0.40219.1
Project("{FAE04EC0-301F-11D3-BF4B-00C04F79EFBC}") = "ConcurrencyExercise", "ConcurrencyExercise\ConcurrencyExercise.csproj", "{44C2E689-80EC-41A3-B216-B7D2945A189D}"
EndProject
Global
	GlobalSection(SolutionConfigurationPlatforms) = preSolution
		Debug|Any CPU = Debug|Any CPU
		Release|Any CPU = Release|Any CPU
	EndGlobalSection
	GlobalSection(ProjectConfigurationPlatforms) = postSolution
		{44C2E689-80EC-41A3-B216-B7D2945A189D}.Debug|Any CPU.ActiveCfg = Debug|Any CPU
		{44C2E689-80EC-41A3-B216-B7D2945A189D}.Debug|Any CPU.Build.0 = Debug|Any CPU
		{44C2E689-80EC-41A3-B216-B7D2945A189D}.Release|Any CPU.ActiveCfg = Release|Any CPU
		{44C2E689-80EC-41A3-B216-B7D2945A189D}.Release|Any CPU.Build.0 = Release|Any CPU
	EndGlobalSection
	GlobalSection(SolutionProperties) = preSolution
		HideSolutionNode = FALSE
	EndGlobalSection
	GlobalSection(ExtensibilityGlobals) = postSolution
		SolutionGuid = {062960D4-0530-491E-991D-A3B09CC81F49}
	EndGlobalSection
EndGlobal
